
Microsoft Visual Studio Solution File, Format Version 12.00
# Visual Studio Version 17
VisualStudioVersion = 17.3.32922.545
MinimumVisualStudioVersion = 10.0.40219.1
Project("{FAE04EC0-301F-11D3-BF4B-00C04F79EFBC}") = "ATMLab", "ATMLab.csproj", "{FE612499-AB1E-46EB-8B80-DE3995424439}"
EndProject
Global
	GlobalSection(SolutionConfigurationPlatforms) = preSolution
		Debug|Any CPU = Debug|Any CPU
		Release|Any CPU = Release|Any CPU
	EndGlobalSection
	GlobalSection(ProjectConfigurationPlatforms) = postSolution
		{FE612499-AB1E-46EB-8B80-DE3995424439}.Debug|Any CPU.ActiveCfg = Debug|Any CPU
		{FE612499-AB1E-46EB-8B80-DE3995424439}.Debug|Any CPU.Build.0 = Debug|Any CPU
		{FE612499-AB1E-46EB-8B80-DE3995424439}.Release|Any CPU.ActiveCfg = Release|Any CPU
		{FE612499-AB1E-46EB-8B80-DE3995424439}.Release|Any CPU.Build.0 = Release|Any CPU
	EndGlobalSection
	GlobalSection(SolutionProperties) = preSolution
		HideSolutionNode = FALSE
	EndGlobalSection
	GlobalSection(ExtensibilityGlobals) = postSolution
		SolutionGuid = {B19AE659-2B33-4AEA-95F2-57CB28DB7DC5}
	EndGlobalSection
EndGlobal
